schema: '2.0'
stages:
  prepare_data:
    cmd: python -m src.data.prepare_data
    deps:
    - path: configs/params.yaml
      hash: md5
      md5: f889539439b5111d880abb2c9b8e8e30
      size: 2318
    - path: data/raw/DieCasting_Quality_Raw_Data_product1.csv
      hash: md5
      md5: 0f700634894dc49cf341003be627a8b6
      size: 718893
    - path: src/data/prepare_data.py
      hash: md5
      md5: fd3337600e13e7f5b257b206409c5b63
      size: 16958
    outs:
    - path: artifacts/plots/eda_class_distribution.png
      hash: md5
      md5: 98746f84356037d2534e80adc5ea63e3
      size: 27791
    - path: artifacts/plots/eda_correlation_heatmap.png
      hash: md5
      md5: 27b067ec9c6e1057237e70b5363727d6
      size: 157428
    - path: artifacts/plots/eda_feature_boxplots.png
      hash: md5
      md5: c01bf3bdcc870250108fda8ae9ba98e2
      size: 138695
    - path: artifacts/plots/eda_feature_distributions.png
      hash: md5
      md5: a7078d6ce1b3ccb411983c9b1cf9de2c
      size: 158282
    - path: artifacts/reports/data_profile.json
      hash: md5
      md5: aa397886ea130cfeaaf4aef2394bc7af
      size: 17724
    - path: data/processed/diecasting_product1_binary.csv
      hash: md5
      md5: 835b06d38ac63ec373775959d0c52dcd
      size: 310441
    - path: data/processed/test.csv
      hash: md5
      md5: 0327e056fdd47c16076ad58e669b27e8
      size: 47045
    - path: data/processed/train.csv
      hash: md5
      md5: 8f51ba7d1cab06012ccef88c260fad7c
      size: 217256
    - path: data/processed/valid.csv
      hash: md5
      md5: 2af98f41d587adca653b0d5c04e2e130
      size: 47040
  train_binary:
    cmd: python -m src.models.train_binary
    deps:
    - path: configs/params.yaml
      hash: md5
      md5: f889539439b5111d880abb2c9b8e8e30
      size: 2318
    - path: data/processed/test.csv
      hash: md5
      md5: 0327e056fdd47c16076ad58e669b27e8
      size: 47045
    - path: data/processed/train.csv
      hash: md5
      md5: 8f51ba7d1cab06012ccef88c260fad7c
      size: 217256
    - path: data/processed/valid.csv
      hash: md5
      md5: 2af98f41d587adca653b0d5c04e2e130
      size: 47040
    - path: src/models/train_binary.py
      hash: md5
      md5: 9b6a5e0f87fbc8491972fd9a10b6a325
      size: 9142
    outs:
    - path: artifacts/models/rf_baseline.joblib
      hash: md5
      md5: 4a4fb8de00948923bd42ab23c7deb72c
      size: 3655449
    - path: artifacts/models/rf_baseline_metadata.json
      hash: md5
      md5: 8193fd5a960ad02187159264ac07000e
      size: 2190
    - path: artifacts/plots/rf_baseline_confusion_matrix.png
      hash: md5
      md5: f9ec3838a484d2ec72022b63afbca41f
      size: 21253
    - path: artifacts/plots/rf_baseline_feature_importance.png
      hash: md5
      md5: 0c5768e8f0c4ff1cadd77c2c993f61f5
      size: 50350
    - path: artifacts/plots/rf_baseline_roc_curve.png
      hash: md5
      md5: de2b28619ee5c2c722291e424b06f3f9
      size: 38011
    - path: artifacts/reports/rf_baseline_feature_importance.json
      hash: md5
      md5: 01421cd80435142a46feefea8ecdc72d
      size: 2246
    - path: artifacts/reports/rf_baseline_metrics.json
      hash: md5
      md5: 3bb97f7d170cacbb422c8f95979c8173
      size: 1140
  compare_baselines_xai:
    cmd: python -m src.models.compare_baselines_xai
    deps:
    - path: artifacts/models/rf_baseline.joblib
      hash: md5
      md5: 4a4fb8de00948923bd42ab23c7deb72c
      size: 3655449
    - path: configs/params.yaml
      hash: md5
      md5: f889539439b5111d880abb2c9b8e8e30
      size: 2318
    - path: data/processed/test.csv
      hash: md5
      md5: 0327e056fdd47c16076ad58e669b27e8
      size: 47045
    - path: data/processed/train.csv
      hash: md5
      md5: 8f51ba7d1cab06012ccef88c260fad7c
      size: 217256
    - path: data/processed/valid.csv
      hash: md5
      md5: 2af98f41d587adca653b0d5c04e2e130
      size: 47040
    - path: src/models/compare_baselines_xai.py
      hash: md5
      md5: 2959279cc9546753b5b8bee639bdc998
      size: 33829
    outs:
    - path: artifacts/models/baseline_candidate.joblib
      hash: md5
      md5: 998dbd7cf39140d17e3ee81d784b667f
      size: 2977
    - path: artifacts/models/baseline_candidate_metadata.json
      hash: md5
      md5: a893d420a26a39fb47af2532e342ea84
      size: 1539
    - path: artifacts/plots/baseline_confusion_matrices.png
      hash: md5
      md5: 797dcab973f53d9df198c7751743d8f9
      size: 93589
    - path: artifacts/plots/baseline_validation_metrics.png
      hash: md5
      md5: 71315366843b02eb4edf383d1d15355a
      size: 49874
    - path: artifacts/plots/shap_beeswarm.png
      hash: md5
      md5: 86f672a40f51cba18ff9dfd5e83d5124
      size: 107982
    - path: artifacts/plots/shap_summary_bar.png
      hash: md5
      md5: d80d770a699251098702e394fbeac8f2
      size: 65557
    - path: artifacts/plots/shap_waterfall_defect_sample.png
      hash: md5
      md5: 5be91652ff87dbaa0bbfc00875d2007d
      size: 109889
    - path: artifacts/reports/baseline_comparison.csv
      hash: md5
      md5: d0d0611962ba2962b042b0d00359222c
      size: 1779
    - path: artifacts/reports/baseline_comparison.json
      hash: md5
      md5: 45ad5b1bade1c61b76f3f0c1962718ee
      size: 9540
    - path: artifacts/reports/baseline_metric_table.md
      hash: md5
      md5: 8cc67c053f4b8787cc4d0653a96f7638
      size: 931
    - path: artifacts/reports/baseline_xai_report.md
      hash: md5
      md5: de825728c252bfb5748fb6e7339eedfc
      size: 3176
    - path: artifacts/reports/candidate_handoff_note.md
      hash: md5
      md5: 057160a6eca182b609433a986b5389ba
      size: 713
    - path: artifacts/reports/shap_local_explanation.json
      hash: md5
      md5: 556b18ff2f253edbaf9d8a8463dab052
      size: 1379
    - path: artifacts/reports/shap_local_explanation.md
      hash: md5
      md5: 474a58b692ba5d3f3c402aeabfc7ae5b
      size: 583
    - path: artifacts/reports/xai_feature_interpretation.csv
      hash: md5
      md5: f2fbbe22ec99c8ceda45d51e58892c4b
      size: 3099
    - path: artifacts/reports/xai_feature_interpretation.json
      hash: md5
      md5: b0a5ecf74be3a2064b682289826a07aa
      size: 7353
    - path: artifacts/reports/xai_feature_interpretation.md
      hash: md5
      md5: 6588cd1ef8cb321e763bf413ea47a002
      size: 1494
  tune_logistic:
    cmd: python -m src.models.tune_logistic
    deps:
    - path: artifacts/models/baseline_candidate.joblib
      hash: md5
      md5: 998dbd7cf39140d17e3ee81d784b667f
      size: 2977
    - path: artifacts/models/baseline_candidate_metadata.json
      hash: md5
      md5: a893d420a26a39fb47af2532e342ea84
      size: 1539
    - path: configs/params.yaml
      hash: md5
      md5: f889539439b5111d880abb2c9b8e8e30
      size: 2318
    - path: data/processed/test.csv
      hash: md5
      md5: 0327e056fdd47c16076ad58e669b27e8
      size: 47045
    - path: data/processed/train.csv
      hash: md5
      md5: 8f51ba7d1cab06012ccef88c260fad7c
      size: 217256
    - path: data/processed/valid.csv
      hash: md5
      md5: 2af98f41d587adca653b0d5c04e2e130
      size: 47040
    - path: src/models/tune_logistic.py
      hash: md5
      md5: e4de2cddd5f976b99f6490759a9b631f
      size: 21158
    outs:
    - path: artifacts/models/metadata.json
      hash: md5
      md5: cba67457aa62d4aeeb3d336f38bb1084
      size: 3039
    - path: artifacts/models/model.joblib
      hash: md5
      md5: 1cb3520290a1c2ec87f00c2811f5b4d0
      size: 2977
    - path: artifacts/plots/confusion_matrix.png
      hash: md5
      md5: 01f030c1b7af00d2e062dc51af7ef8ad
      size: 25683
    - path: artifacts/plots/feature_importance.png
      hash: md5
      md5: 5488def38e923017c237914dbd555989
      size: 54695
    - path: artifacts/plots/logistic_threshold_tuning.png
      hash: md5
      md5: f563abcb356316305ad3c478e846272d
      size: 77414
    - path: artifacts/plots/roc_curve.png
      hash: md5
      md5: 1b912d43da197ab42498eeb38d8344a9
      size: 39873
    - path: artifacts/reports/defect_request.json
      hash: md5
      md5: 0d43d12b915e236de44eace00b3239be
      size: 858
    - path: artifacts/reports/feature_importance.json
      hash: md5
      md5: 5b1e4ef9c458c74ec816993c17aea5b1
      size: 3402
    - path: artifacts/reports/logistic_coefficients.json
      hash: md5
      md5: 86d34cea1d44fb9f0c0312ad8d322e5d
      size: 4330
    - path: artifacts/reports/logistic_permutation_importance.json
      hash: md5
      md5: 5b1e4ef9c458c74ec816993c17aea5b1
      size: 3402
    - path: artifacts/reports/logistic_threshold_results.csv
      hash: md5
      md5: 095a32a340d8dac3a58f36a71680bff2
      size: 9366
    - path: artifacts/reports/logistic_tuning_report.md
      hash: md5
      md5: 7a294e46a15c4baeee5a7320dbd98283
      size: 860
    - path: artifacts/reports/logistic_tuning_results.csv
      hash: md5
      md5: 79fdc8d55facdcf29df3bfe13afbba9a
      size: 2415
    - path: artifacts/reports/metrics.json
      hash: md5
      md5: 9cd11014c7e0f7948f3ba051a09733d2
      size: 1511
    - path: artifacts/reports/normal_request.json
      hash: md5
      md5: 6c92d7a9bf3b788cced0dca21a73bfe8
      size: 857
    - path: artifacts/reports/sample_inputs.json
      hash: md5
      md5: a9e9bbf324a022f3b2513591aff34a7c
      size: 1722
